
Microsoft Visual Studio Solution File, Format Version 12.00
# Visual Studio Version 16
VisualStudioVersion = 16.0.31613.86
MinimumVisualStudioVersion = 10.0.40219.1
Project("{FAE04EC0-301F-11D3-BF4B-00C04F79EFBC}") = "createTask", "createTask\createTask.csproj", "{48B93066-5654-4FC3-A650-B21D20542890}"
EndProject
Project("{FAE04EC0-301F-11D3-BF4B-00C04F79EFBC}") = "createAppointment", "createAppointment\createAppointment.csproj", "{82412731-6544-48B9-83E3-4EE8EA8BAB2A}"
EndProject
Project("{FAE04EC0-301F-11D3-BF4B-00C04F79EFBC}") = "createManyToManyRel", "createManyToManyRelationship\createManyToManyRel.csproj", "{29E32A42-AC4D-4739-B9EA-9DA5375435C4}"
EndProject
Project("{FAE04EC0-301F-11D3-BF4B-00C04F79EFBC}") = "contactDuplicateDetection", "contactDuplicateDetection\contactDuplicateDetection.csproj", "{475CC37B-F7BB-409A-B620-EF2975ADE024}"
EndProject
Project("{FAE04EC0-301F-11D3-BF4B-00C04F79EFBC}") = "contactDuplicateFindFetchXML", "contactDuplicateFindFetchXML\contactDuplicateFindFetchXML.csproj", "{FF44CE07-81FD-4310-8A86-829638DA7638}"
EndProject
Project("{FAE04EC0-301F-11D3-BF4B-00C04F79EFBC}") = "bingMapsCoordinates", "bingMapsCoordinates\bingMapsCoordinates.csproj", "{8C653358-7681-49D2-A3E5-EB1A300A96E6}"
EndProject
Project("{FAE04EC0-301F-11D3-BF4B-00C04F79EFBC}") = "saveOldContactName", "saveOldContactName\saveOldContactName.csproj", "{FDB4FCA9-E45A-4A3D-AE41-DBA6790F522D}"
EndProject
Project("{FAE04EC0-301F-11D3-BF4B-00C04F79EFBC}") = "fieldLengthValidation", "..\fieldLengthValidation\fieldLengthValidation\fieldLengthValidation.csproj", "{CB25D9E2-1AC3-460E-9290-BA58DD44DEFF}"
EndProject
Project("{FAE04EC0-301F-11D3-BF4B-00C04F79EFBC}") = "latestPhoneCallChecker", "ConsoleApp1\latestPhoneCallChecker.csproj", "{6B3DB2B8-FB09-4849-A3CA-93508F23F8F7}"
EndProject
Global
	GlobalSection(SolutionConfigurationPlatforms) = preSolution
		Debug|Any CPU = Debug|Any CPU
		Release|Any CPU = Release|Any CPU
	EndGlobalSection
	GlobalSection(ProjectConfigurationPlatforms) = postSolution
		{48B93066-5654-4FC3-A650-B21D20542890}.Debug|Any CPU.ActiveCfg = Debug|Any CPU
		{48B93066-5654-4FC3-A650-B21D20542890}.Debug|Any CPU.Build.0 = Debug|Any CPU
		{48B93066-5654-4FC3-A650-B21D20542890}.Release|Any CPU.ActiveCfg = Release|Any CPU
		{48B93066-5654-4FC3-A650-B21D20542890}.Release|Any CPU.Build.0 = Release|Any CPU
		{82412731-6544-48B9-83E3-4EE8EA8BAB2A}.Debug|Any CPU.ActiveCfg = Debug|Any CPU
		{82412731-6544-48B9-83E3-4EE8EA8BAB2A}.Debug|Any CPU.Build.0 = Debug|Any CPU
		{82412731-6544-48B9-83E3-4EE8EA8BAB2A}.Release|Any CPU.ActiveCfg = Release|Any CPU
		{82412731-6544-48B9-83E3-4EE8EA8BAB2A}.Release|Any CPU.Build.0 = Release|Any CPU
		{29E32A42-AC4D-4739-B9EA-9DA5375435C4}.Debug|Any CPU.ActiveCfg = Debug|Any CPU
		{29E32A42-AC4D-4739-B9EA-9DA5375435C4}.Debug|Any CPU.Build.0 = Debug|Any CPU
		{29E32A42-AC4D-4739-B9EA-9DA5375435C4}.Release|Any CPU.ActiveCfg = Release|Any CPU
		{29E32A42-AC4D-4739-B9EA-9DA5375435C4}.Release|Any CPU.Build.0 = Release|Any CPU
		{475CC37B-F7BB-409A-B620-EF2975ADE024}.Debug|Any CPU.ActiveCfg = Debug|Any CPU
		{475CC37B-F7BB-409A-B620-EF2975ADE024}.Debug|Any CPU.Build.0 = Debug|Any CPU
		{475CC37B-F7BB-409A-B620-EF2975ADE024}.Release|Any CPU.ActiveCfg = Release|Any CPU
		{475CC37B-F7BB-409A-B620-EF2975ADE024}.Release|Any CPU.Build.0 = Release|Any CPU
		{FF44CE07-81FD-4310-8A86-829638DA7638}.Debug|Any CPU.ActiveCfg = Debug|Any CPU
		{FF44CE07-81FD-4310-8A86-829638DA7638}.Debug|Any CPU.Build.0 = Debug|Any CPU
		{FF44CE07-81FD-4310-8A86-829638DA7638}.Release|Any CPU.ActiveCfg = Release|Any CPU
		{FF44CE07-81FD-4310-8A86-829638DA7638}.Release|Any CPU.Build.0 = Release|Any CPU
		{8C653358-7681-49D2-A3E5-EB1A300A96E6}.Debug|Any CPU.ActiveCfg = Debug|Any CPU
		{8C653358-7681-49D2-A3E5-EB1A300A96E6}.Debug|Any CPU.Build.0 = Debug|Any CPU
		{8C653358-7681-49D2-A3E5-EB1A300A96E6}.Release|Any CPU.ActiveCfg = Release|Any CPU
		{8C653358-7681-49D2-A3E5-EB1A300A96E6}.Release|Any CPU.Build.0 = Release|Any CPU
		{FDB4FCA9-E45A-4A3D-AE41-DBA6790F522D}.Debug|Any CPU.ActiveCfg = Debug|Any CPU
		{FDB4FCA9-E45A-4A3D-AE41-DBA6790F522D}.Debug|Any CPU.Build.0 = Debug|Any CPU
		{FDB4FCA9-E45A-4A3D-AE41-DBA6790F522D}.Release|Any CPU.ActiveCfg = Release|Any CPU
		{FDB4FCA9-E45A-4A3D-AE41-DBA6790F522D}.Release|Any CPU.Build.0 = Release|Any CPU
		{CB25D9E2-1AC3-460E-9290-BA58DD44DEFF}.Debug|Any CPU.ActiveCfg = Debug|Any CPU
		{CB25D9E2-1AC3-460E-9290-BA58DD44DEFF}.Debug|Any CPU.Build.0 = Debug|Any CPU
		{CB25D9E2-1AC3-460E-9290-BA58DD44DEFF}.Release|Any CPU.ActiveCfg = Release|Any CPU
		{CB25D9E2-1AC3-460E-9290-BA58DD44DEFF}.Release|Any CPU.Build.0 = Release|Any CPU
		{6B3DB2B8-FB09-4849-A3CA-93508F23F8F7}.Debug|Any CPU.ActiveCfg = Debug|Any CPU
		{6B3DB2B8-FB09-4849-A3CA-93508F23F8F7}.Debug|Any CPU.Build.0 = Debug|Any CPU
		{6B3DB2B8-FB09-4849-A3CA-93508F23F8F7}.Release|Any CPU.ActiveCfg = Release|Any CPU
		{6B3DB2B8-FB09-4849-A3CA-93508F23F8F7}.Release|Any CPU.Build.0 = Release|Any CPU
	EndGlobalSection
	GlobalSection(SolutionProperties) = preSolution
		HideSolutionNode = FALSE
	EndGlobalSection
	GlobalSection(ExtensibilityGlobals) = postSolution
		SolutionGuid = {C35ED563-ACA4-4DF8-A840-4DA873249919}
	EndGlobalSection
EndGlobal
